<?xml version="1.0" encoding="utf-8"?>
<Project ToolsVersion="4.0" xmlns="http://schemas.microsoft.com/developer/msbuild/2003">
  <ItemGroup>
    <Filter Include="Source Files">
      <UniqueIdentifier>{9c755d4c-5dd4-43d2-b16c-a2f69c1b6492}</UniqueIdentifier>
      <Extensions>cpp;c;cxx;rc;def;r;odl;idl;hpj;bat</Extensions>
    </Filter>
    <Filter Include="Header Files">
      <UniqueIdentifier>{cf1f7d05-a23a-40bc-893f-937c984e1ed8}</UniqueIdentifier>
      <Extensions>h;hpp;hxx;hm;inl</Extensions>
    </Filter>
    <Filter Include="Resource Files">
      <UniqueIdentifier>{48d9caa3-f779-43d7-86fc-fb066d5f15d3}</UniqueIdentifier>
      <Extensions>ico;cur;bmp;dlg;rc2;rct;bin;rgs;gif;jpg;jpeg;jpe</Extensions>
    </Filter>
  </ItemGroup>
  <ItemGroup>
    <ClCompile Include="..\..\demo\FTGLDemo.cpp">
      <Filter>Source Files</Filter>
    </ClCompile>
    <ClCompile Include="..\..\demo\tb.c">
      <Filter>Source Files</Filter>
    </ClCompile>
    <ClCompile Include="..\..\demo\trackball.c">
      <Filter>Source Files</Filter>
    </ClCompile>
  </ItemGroup>
  <ItemGroup>
    <ClInclude Include="..\..\demo\tb.h">
      <Filter>Header Files</Filter>
    </ClInclude>
    <ClInclude Include="..\..\demo\trackball.h">
      <Filter>Header Files</Filter>
    </ClInclude>
  </ItemGroup>
</Project>