
Microsoft Visual Studio Solution File, Format Version 11.00
# Visual Studio 2010
Project("{8BC9CEB8-8B4A-11D0-8D11-00A0C91BC942}") = "ftgl_demo", "ftgl_demo\ftgl_demo.vcxproj", "{26852FC8-E78A-BCE8-CE38-3C57EC782AC4}"
	ProjectSection(ProjectDependencies) = postProject
		{B3BBA49D-0363-7EB8-E130-5E7CA2165D0E} = {B3BBA49D-0363-7EB8-E130-5E7CA2165D0E}
		{B73071AD-B699-8D84-AFA0-85EF1FEA86E5} = {B73071AD-B699-8D84-AFA0-85EF1FEA86E5}
	EndProjectSection
EndProject
Project("{8BC9CEB8-8B4A-11D0-8D11-00A0C91BC942}") = "ftgl_demo_2", "ftgl_demo\ftgl_demo_2.vcxproj", "{9F982A6F-9CD5-879F-882F-7B75BC0C4DD7}"
	ProjectSection(ProjectDependencies) = postProject
		{B3BBA49D-0363-7EB8-E130-5E7CA2165D0E} = {B3BBA49D-0363-7EB8-E130-5E7CA2165D0E}
		{B73071AD-B699-8D84-AFA0-85EF1FEA86E5} = {B73071AD-B699-8D84-AFA0-85EF1FEA86E5}
	EndProjectSection
EndProject
Project("{8BC9CEB8-8B4A-11D0-8D11-00A0C91BC942}") = "ftgl_dll", "ftgl_dll\ftgl_dll.vcxproj", "{B3BBA49D-0363-7EB8-E130-5E7CA2165D0E}"
EndProject
Project("{8BC9CEB8-8B4A-11D0-8D11-00A0C91BC942}") = "ftgl_static_lib", "ftgl_static_lib\ftgl_static_lib.vcxproj", "{B73071AD-B699-8D84-AFA0-85EF1FEA86E5}"
EndProject
Project("{8BC9CEB8-8B4A-11D0-8D11-00A0C91BC942}") = "unit_tests", "unit_tests\unit_tests.vcxproj", "{0BACBECF-C38B-F0D4-47EA-6833B11AE3A3}"
	ProjectSection(ProjectDependencies) = postProject
		{B73071AD-B699-8D84-AFA0-85EF1FEA86E5} = {B73071AD-B699-8D84-AFA0-85EF1FEA86E5}
	EndProjectSection
EndProject
Global
	GlobalSection(SolutionConfigurationPlatforms) = preSolution
		Debug DLL|Win32 = Debug DLL|Win32
		Debug MT|Win32 = Debug MT|Win32
		Debug|Win32 = Debug|Win32
		Release DLL|Win32 = Release DLL|Win32
		Release MT|Win32 = Release MT|Win32
		Release|Win32 = Release|Win32
		Template|Win32 = Template|Win32
	EndGlobalSection
	GlobalSection(ProjectConfigurationPlatforms) = postSolution
		{26852FC8-E78A-BCE8-CE38-3C57EC782AC4}.Debug DLL|Win32.ActiveCfg = Debug DLL|Win32
		{26852FC8-E78A-BCE8-CE38-3C57EC782AC4}.Debug DLL|Win32.Build.0 = Debug DLL|Win32
		{26852FC8-E78A-BCE8-CE38-3C57EC782AC4}.Debug MT|Win32.ActiveCfg = Debug DLL|Win32
		{26852FC8-E78A-BCE8-CE38-3C57EC782AC4}.Debug MT|Win32.Build.0 = Debug DLL|Win32
		{26852FC8-E78A-BCE8-CE38-3C57EC782AC4}.Debug|Win32.ActiveCfg = Debug|Win32
		{26852FC8-E78A-BCE8-CE38-3C57EC782AC4}.Debug|Win32.Build.0 = Debug|Win32
		{26852FC8-E78A-BCE8-CE38-3C57EC782AC4}.Release DLL|Win32.ActiveCfg = Release DLL|Win32
		{26852FC8-E78A-BCE8-CE38-3C57EC782AC4}.Release DLL|Win32.Build.0 = Release DLL|Win32
		{26852FC8-E78A-BCE8-CE38-3C57EC782AC4}.Release MT|Win32.ActiveCfg = Release DLL|Win32
		{26852FC8-E78A-BCE8-CE38-3C57EC782AC4}.Release MT|Win32.Build.0 = Release DLL|Win32
		{26852FC8-E78A-BCE8-CE38-3C57EC782AC4}.Release|Win32.ActiveCfg = Release|Win32
		{26852FC8-E78A-BCE8-CE38-3C57EC782AC4}.Release|Win32.Build.0 = Release|Win32
		{26852FC8-E78A-BCE8-CE38-3C57EC782AC4}.Template|Win32.ActiveCfg = Release|Win32
		{26852FC8-E78A-BCE8-CE38-3C57EC782AC4}.Template|Win32.Build.0 = Release|Win32
		{9F982A6F-9CD5-879F-882F-7B75BC0C4DD7}.Debug DLL|Win32.ActiveCfg = Debug DLL|Win32
		{9F982A6F-9CD5-879F-882F-7B75BC0C4DD7}.Debug DLL|Win32.Build.0 = Debug DLL|Win32
		{9F982A6F-9CD5-879F-882F-7B75BC0C4DD7}.Debug MT|Win32.ActiveCfg = Debug DLL|Win32
		{9F982A6F-9CD5-879F-882F-7B75BC0C4DD7}.Debug MT|Win32.Build.0 = Debug DLL|Win32
		{9F982A6F-9CD5-879F-882F-7B75BC0C4DD7}.Debug|Win32.ActiveCfg = Debug|Win32
		{9F982A6F-9CD5-879F-882F-7B75BC0C4DD7}.Debug|Win32.Build.0 = Debug|Win32
		{9F982A6F-9CD5-879F-882F-7B75BC0C4DD7}.Release DLL|Win32.ActiveCfg = Release DLL|Win32
		{9F982A6F-9CD5-879F-882F-7B75BC0C4DD7}.Release DLL|Win32.Build.0 = Release DLL|Win32
		{9F982A6F-9CD5-879F-882F-7B75BC0C4DD7}.Release MT|Win32.ActiveCfg = Release DLL|Win32
		{9F982A6F-9CD5-879F-882F-7B75BC0C4DD7}.Release MT|Win32.Build.0 = Release DLL|Win32
		{9F982A6F-9CD5-879F-882F-7B75BC0C4DD7}.Release|Win32.ActiveCfg = Release|Win32
		{9F982A6F-9CD5-879F-882F-7B75BC0C4DD7}.Release|Win32.Build.0 = Release|Win32
		{9F982A6F-9CD5-879F-882F-7B75BC0C4DD7}.Template|Win32.ActiveCfg = Template|Win32
		{9F982A6F-9CD5-879F-882F-7B75BC0C4DD7}.Template|Win32.Build.0 = Template|Win32
		{B3BBA49D-0363-7EB8-E130-5E7CA2165D0E}.Debug DLL|Win32.ActiveCfg = Debug MT|Win32
		{B3BBA49D-0363-7EB8-E130-5E7CA2165D0E}.Debug DLL|Win32.Build.0 = Debug MT|Win32
		{B3BBA49D-0363-7EB8-E130-5E7CA2165D0E}.Debug MT|Win32.ActiveCfg = Debug MT|Win32
		{B3BBA49D-0363-7EB8-E130-5E7CA2165D0E}.Debug MT|Win32.Build.0 = Debug MT|Win32
		{B3BBA49D-0363-7EB8-E130-5E7CA2165D0E}.Debug|Win32.ActiveCfg = Debug|Win32
		{B3BBA49D-0363-7EB8-E130-5E7CA2165D0E}.Debug|Win32.Build.0 = Debug|Win32
		{B3BBA49D-0363-7EB8-E130-5E7CA2165D0E}.Release DLL|Win32.ActiveCfg = Release MT|Win32
		{B3BBA49D-0363-7EB8-E130-5E7CA2165D0E}.Release DLL|Win32.Build.0 = Release MT|Win32
		{B3BBA49D-0363-7EB8-E130-5E7CA2165D0E}.Release MT|Win32.ActiveCfg = Release MT|Win32
		{B3BBA49D-0363-7EB8-E130-5E7CA2165D0E}.Release MT|Win32.Build.0 = Release MT|Win32
		{B3BBA49D-0363-7EB8-E130-5E7CA2165D0E}.Release|Win32.ActiveCfg = Release|Win32
		{B3BBA49D-0363-7EB8-E130-5E7CA2165D0E}.Release|Win32.Build.0 = Release|Win32
		{B3BBA49D-0363-7EB8-E130-5E7CA2165D0E}.Template|Win32.ActiveCfg = Template|Win32
		{B3BBA49D-0363-7EB8-E130-5E7CA2165D0E}.Template|Win32.Build.0 = Template|Win32
		{B73071AD-B699-8D84-AFA0-85EF1FEA86E5}.Debug DLL|Win32.ActiveCfg = Debug MT|Win32
		{B73071AD-B699-8D84-AFA0-85EF1FEA86E5}.Debug DLL|Win32.Build.0 = Debug MT|Win32
		{B73071AD-B699-8D84-AFA0-85EF1FEA86E5}.Debug MT|Win32.ActiveCfg = Debug MT|Win32
		{B73071AD-B699-8D84-AFA0-85EF1FEA86E5}.Debug MT|Win32.Build.0 = Debug MT|Win32
		{B73071AD-B699-8D84-AFA0-85EF1FEA86E5}.Debug|Win32.ActiveCfg = Debug|Win32
		{B73071AD-B699-8D84-AFA0-85EF1FEA86E5}.Debug|Win32.Build.0 = Debug|Win32
		{B73071AD-B699-8D84-AFA0-85EF1FEA86E5}.Release DLL|Win32.ActiveCfg = Release MT|Win32
		{B73071AD-B699-8D84-AFA0-85EF1FEA86E5}.Release DLL|Win32.Build.0 = Release MT|Win32
		{B73071AD-B699-8D84-AFA0-85EF1FEA86E5}.Release MT|Win32.ActiveCfg = Release MT|Win32
		{B73071AD-B699-8D84-AFA0-85EF1FEA86E5}.Release MT|Win32.Build.0 = Release MT|Win32
		{B73071AD-B699-8D84-AFA0-85EF1FEA86E5}.Release|Win32.ActiveCfg = Release|Win32
		{B73071AD-B699-8D84-AFA0-85EF1FEA86E5}.Release|Win32.Build.0 = Release|Win32
		{B73071AD-B699-8D84-AFA0-85EF1FEA86E5}.Template|Win32.ActiveCfg = Template|Win32
		{B73071AD-B699-8D84-AFA0-85EF1FEA86E5}.Template|Win32.Build.0 = Template|Win32
		{0BACBECF-C38B-F0D4-47EA-6833B11AE3A3}.Debug DLL|Win32.ActiveCfg = Debug|Win32
		{0BACBECF-C38B-F0D4-47EA-6833B11AE3A3}.Debug DLL|Win32.Build.0 = Debug|Win32
		{0BACBECF-C38B-F0D4-47EA-6833B11AE3A3}.Debug MT|Win32.ActiveCfg = Debug|Win32
		{0BACBECF-C38B-F0D4-47EA-6833B11AE3A3}.Debug MT|Win32.Build.0 = Debug|Win32
		{0BACBECF-C38B-F0D4-47EA-6833B11AE3A3}.Debug|Win32.ActiveCfg = Debug|Win32
		{0BACBECF-C38B-F0D4-47EA-6833B11AE3A3}.Debug|Win32.Build.0 = Debug|Win32
		{0BACBECF-C38B-F0D4-47EA-6833B11AE3A3}.Release DLL|Win32.ActiveCfg = Release|Win32
		{0BACBECF-C38B-F0D4-47EA-6833B11AE3A3}.Release DLL|Win32.Build.0 = Release|Win32
		{0BACBECF-C38B-F0D4-47EA-6833B11AE3A3}.Release MT|Win32.ActiveCfg = Release|Win32
		{0BACBECF-C38B-F0D4-47EA-6833B11AE3A3}.Release MT|Win32.Build.0 = Release|Win32
		{0BACBECF-C38B-F0D4-47EA-6833B11AE3A3}.Release|Win32.ActiveCfg = Release|Win32
		{0BACBECF-C38B-F0D4-47EA-6833B11AE3A3}.Release|Win32.Build.0 = Release|Win32
		{0BACBECF-C38B-F0D4-47EA-6833B11AE3A3}.Template|Win32.ActiveCfg = Template|Win32
		{0BACBECF-C38B-F0D4-47EA-6833B11AE3A3}.Template|Win32.Build.0 = Template|Win32
	EndGlobalSection
	GlobalSection(SolutionProperties) = preSolution
		HideSolutionNode = FALSE
	EndGlobalSection
EndGlobal
